# This file is automatically @generated by Poetry 2.1.3 and should not be changed by hand.

[[package]]
name = "aiosqlite"
version = "0.21.0"
description = "asyncio bridge to the standard sqlite3 module"
optional = false
python-versions = ">=3.9"
groups = ["main"]
files = [
    {file = "aiosqlite-0.21.0-py3-none-any.whl", hash = "sha256:2549cf4057f95f53dcba16f2b64e8e2791d7e1adedb13197dd8ed77bb226d7d0"},
    {file = "aiosqlite-0.21.0.tar.gz", hash = "sha256:131bb8056daa3bc875608c631c678cda73922a2d4ba8aec373b19f18c17e7aa3"},
]

[package.dependencies]
typing_extensions = ">=4.0"

[package.extras]
dev = ["attribution (==1.7.1)", "black (==24.3.0)", "build (>=1.2)", "coverage[toml] (==7.6.10)", "flake8 (==7.0.0)", "flake8-bugbear (==24.12.12)", "flit (==3.10.1)", "mypy (==1.14.1)", "ufmt (==2.5.1)", "usort (==1.0.8.post1)"]
docs = ["sphinx (==8.1.3)", "sphinx-mdinclude (==0.6.1)"]

[[package]]
name = "iso8601"
version = "2.1.0"
description = "Simple module to parse ISO 8601 dates"
optional = false
python-versions = ">=3.7,<4.0"
groups = ["main"]
markers = "python_version < \"4.0\""
files = [
    {file = "iso8601-2.1.0-py3-none-any.whl", hash = "sha256:aac4145c4dcb66ad8b648a02830f5e2ff6c24af20f4f482689be402db2429242"},
    {file = "iso8601-2.1.0.tar.gz", hash = "sha256:6b1d3829ee8921c4301998c909f7829fa9ed3cbdac0d3b16af2d743aed1ba8df"},
]

[[package]]
name = "pypika-tortoise"
version = "0.6.2"
description = "Forked from pypika and streamline just for tortoise-orm"
optional = false
python-versions = ">=3.9"
groups = ["main"]
markers = "python_version < \"4.0\""
files = [
    {file = "pypika_tortoise-0.6.2-py3-none-any.whl", hash = "sha256:425462b02ede0a5ed7b812ec12427419927ed6b19282c55667d1cbc9a440d3cb"},
    {file = "pypika_tortoise-0.6.2.tar.gz", hash = "sha256:f95ab59d9b6454db2e8daa0934728458350a1f3d56e81d9d1debc8eebeff26b3"},
]

[[package]]
name = "pytz"
version = "2025.2"
description = "World timezone definitions, modern and historical"
optional = false
python-versions = "*"
groups = ["main"]
files = [
    {file = "pytz-2025.2-py2.py3-none-any.whl", hash = "sha256:5ddf76296dd8c44c26eb8f4b6f35488f3ccbf6fbbd7adee0b7262d43f0ec2f00"},
    {file = "pytz-2025.2.tar.gz", hash = "sha256:360b9e3dbb49a209c21ad61809c7fb453643e048b38924c765813546746e81c3"},
]

[[package]]
name = "tortoise-orm"
version = "0.25.1"
description = "Easy async ORM for python, built with relations in mind"
optional = false
python-versions = ">=3.9"
groups = ["main"]
files = [
    {file = "tortoise_orm-0.25.1-py3-none-any.whl", hash = "sha256:df0ef7e06eb0650a7e5074399a51ee6e532043308c612db2cac3882486a3fd9f"},
    {file = "tortoise_orm-0.25.1.tar.gz", hash = "sha256:4d5bfd13d5750935ffe636a6b25597c5c8f51c47e5b72d7509d712eda1a239fe"},
]

[package.dependencies]
aiosqlite = ">=0.16.0,<1.0.0"
iso8601 = {version = ">=2.1.0,<3.0.0", markers = "python_version < \"4.0\""}
pypika-tortoise = {version = ">=0.6.1,<1.0.0", markers = "python_version < \"4.0\""}
pytz = "*"

[package.extras]
accel = ["ciso8601 ; sys_platform != \"win32\" and implementation_name == \"cpython\"", "orjson", "uvloop ; sys_platform != \"win32\" and implementation_name == \"cpython\""]
aiomysql = ["aiomysql"]
asyncmy = ["asyncmy (>=0.2.8,<1.0.0) ; python_version < \"4.0\""]
asyncodbc = ["asyncodbc (>=0.1.1,<1.0.0) ; python_version < \"4.0\""]
asyncpg = ["asyncpg"]
psycopg = ["psycopg[binary,pool] (>=3.0.12,<4.0.0)"]

[[package]]
name = "typing-extensions"
version = "4.15.0"
description = "Backported and Experimental Type Hints for Python 3.9+"
optional = false
python-versions = ">=3.9"
groups = ["main"]
files = [
    {file = "typing_extensions-4.15.0-py3-none-any.whl", hash = "sha256:f0fa19c6845758ab08074a0cfa8b7aecb71c999ca73d62883bc25cc018c4e548"},
    {file = "typing_extensions-4.15.0.tar.gz", hash = "sha256:0cea48d173cc12fa28ecabc3b837ea3cf6f38c6d1136f85cbaaf598984861466"},
]

[metadata]
lock-version = "2.1"
python-versions = ">=3.13"
content-hash = "6a68efc9dbba60b59a7bb88fdfa38439a5a980f1e4a7cb7c64f3af7d400b18bb"
